// !$*UTF8*$!
{
	archiveVersion = 1;
	classes = {
	};
	objectVersion = 55;
	objects = {

/* Begin PBXBuildFile section */
		3208A843283D088900A68CDA /* FilterShader.metal in Sources */ = {isa = PBXBuildFile; fileRef = 3208A842283D088900A68CDA /* FilterShader.metal */; };
		32106952282163010032EDF4 /* HomeViewModel.swift in Sources */ = {isa = PBXBuildFile; fileRef = 32106951282163010032EDF4 /* HomeViewModel.swift */; };
		321069542821645A0032EDF4 /* HomeViewController.swift in Sources */ = {isa = PBXBuildFile; fileRef = 321069532821645A0032EDF4 /* HomeViewController.swift */; };
		321069562821654C0032EDF4 /* HomeView.swift in Sources */ = {isa = PBXBuildFile; fileRef = 321069552821654C0032EDF4 /* HomeView.swift */; };
		321069592823B4C60032EDF4 /* ViewModelType.swift in Sources */ = {isa = PBXBuildFile; fileRef = 321069582823B4C60032EDF4 /* ViewModelType.swift */; };
		3210695B2823BE810032EDF4 /* ButtonTableViewCell.swift in Sources */ = {isa = PBXBuildFile; fileRef = 3210695A2823BE810032EDF4 /* ButtonTableViewCell.swift */; };
		3210695E2823C3A40032EDF4 /* SnapKit in Frameworks */ = {isa = PBXBuildFile; productRef = 3210695D2823C3A40032EDF4 /* SnapKit */; };
		321069612823C4BB0032EDF4 /* UIColor+DesignSystem.swift in Sources */ = {isa = PBXBuildFile; fileRef = 321069602823C4BB0032EDF4 /* UIColor+DesignSystem.swift */; };
		321069632823C7290032EDF4 /* HomeButtonTableView.swift in Sources */ = {isa = PBXBuildFile; fileRef = 321069622823C7290032EDF4 /* HomeButtonTableView.swift */; };
		32106965282A86940032EDF4 /* UIColor+.swift in Sources */ = {isa = PBXBuildFile; fileRef = 32106964282A86940032EDF4 /* UIColor+.swift */; };
		32106969282BD7A80032EDF4 /* RootViewController.swift in Sources */ = {isa = PBXBuildFile; fileRef = 32106968282BD7A80032EDF4 /* RootViewController.swift */; };
		3210696C282BD80C0032EDF4 /* Then in Frameworks */ = {isa = PBXBuildFile; productRef = 3210696B282BD80C0032EDF4 /* Then */; };
		3210696F282D32690032EDF4 /* CarView.swift in Sources */ = {isa = PBXBuildFile; fileRef = 3210696E282D32690032EDF4 /* CarView.swift */; };
		32106971282D32770032EDF4 /* CarViewController.swift in Sources */ = {isa = PBXBuildFile; fileRef = 32106970282D32770032EDF4 /* CarViewController.swift */; };
		32106973282D32820032EDF4 /* CarViewModel.swift in Sources */ = {isa = PBXBuildFile; fileRef = 32106972282D32820032EDF4 /* CarViewModel.swift */; };
		32106977282D3F7E0032EDF4 /* RendererHelper.swift in Sources */ = {isa = PBXBuildFile; fileRef = 32106976282D3F7E0032EDF4 /* RendererHelper.swift */; };
		327FE13C2820129C003CE609 /* AppDelegate.swift in Sources */ = {isa = PBXBuildFile; fileRef = 327FE13B2820129C003CE609 /* AppDelegate.swift */; };
		327FE13E2820129C003CE609 /* SceneDelegate.swift in Sources */ = {isa = PBXBuildFile; fileRef = 327FE13D2820129C003CE609 /* SceneDelegate.swift */; };
		327FE1432820129C003CE609 /* Main.storyboard in Resources */ = {isa = PBXBuildFile; fileRef = 327FE1412820129C003CE609 /* Main.storyboard */; };
		327FE1452820129D003CE609 /* Assets.xcassets in Resources */ = {isa = PBXBuildFile; fileRef = 327FE1442820129D003CE609 /* Assets.xcassets */; };
		327FE1482820129D003CE609 /* LaunchScreen.storyboard in Resources */ = {isa = PBXBuildFile; fileRef = 327FE1462820129D003CE609 /* LaunchScreen.storyboard */; };
		32C26150283277340068FF05 /* Shaders.metal in Sources */ = {isa = PBXBuildFile; fileRef = 32C2614F283277340068FF05 /* Shaders.metal */; };
/* End PBXBuildFile section */

/* Begin PBXFileReference section */
		3208A842283D088900A68CDA /* FilterShader.metal */ = {isa = PBXFileReference; lastKnownFileType = sourcecode.metal; path = FilterShader.metal; sourceTree = "<group>"; };
		32106951282163010032EDF4 /* HomeViewModel.swift */ = {isa = PBXFileReference; lastKnownFileType = sourcecode.swift; path = HomeViewModel.swift; sourceTree = "<group>"; };
		321069532821645A0032EDF4 /* HomeViewController.swift */ = {isa = PBXFileReference; lastKnownFileType = sourcecode.swift; path = HomeViewController.swift; sourceTree = "<group>"; };
		321069552821654C0032EDF4 /* HomeView.swift */ = {isa = PBXFileReference; lastKnownFileType = sourcecode.swift; path = HomeView.swift; sourceTree = "<group>"; };
		321069582823B4C60032EDF4 /* ViewModelType.swift */ = {isa = PBXFileReference; lastKnownFileType = sourcecode.swift; path = ViewModelType.swift; sourceTree = "<group>"; };
		3210695A2823BE810032EDF4 /* ButtonTableViewCell.swift */ = {isa = PBXFileReference; lastKnownFileType = sourcecode.swift; path = ButtonTableViewCell.swift; sourceTree = "<group>"; };
		321069602823C4BB0032EDF4 /* UIColor+DesignSystem.swift */ = {isa = PBXFileReference; lastKnownFileType = sourcecode.swift; path = "UIColor+DesignSystem.swift"; sourceTree = "<group>"; };
		321069622823C7290032EDF4 /* HomeButtonTableView.swift */ = {isa = PBXFileReference; lastKnownFileType = sourcecode.swift; path = HomeButtonTableView.swift; sourceTree = "<group>"; };
		32106964282A86940032EDF4 /* UIColor+.swift */ = {isa = PBXFileReference; lastKnownFileType = sourcecode.swift; path = "UIColor+.swift"; sourceTree = "<group>"; };
		32106968282BD7A80032EDF4 /* RootViewController.swift */ = {isa = PBXFileReference; lastKnownFileType = sourcecode.swift; path = RootViewController.swift; sourceTree = "<group>"; };
		3210696E282D32690032EDF4 /* CarView.swift */ = {isa = PBXFileReference; lastKnownFileType = sourcecode.swift; path = CarView.swift; sourceTree = "<group>"; };
		32106970282D32770032EDF4 /* CarViewController.swift */ = {isa = PBXFileReference; lastKnownFileType = sourcecode.swift; path = CarViewController.swift; sourceTree = "<group>"; };
		32106972282D32820032EDF4 /* CarViewModel.swift */ = {isa = PBXFileReference; lastKnownFileType = sourcecode.swift; path = CarViewModel.swift; sourceTree = "<group>"; };
		32106976282D3F7E0032EDF4 /* RendererHelper.swift */ = {isa = PBXFileReference; lastKnownFileType = sourcecode.swift; path = RendererHelper.swift; sourceTree = "<group>"; };
		327FE1382820129C003CE609 /* SilverGun.app */ = {isa = PBXFileReference; explicitFileType = wrapper.application; includeInIndex = 0; path = SilverGun.app; sourceTree = BUILT_PRODUCTS_DIR; };
		327FE13B2820129C003CE609 /* AppDelegate.swift */ = {isa = PBXFileReference; lastKnownFileType = sourcecode.swift; path = AppDelegate.swift; sourceTree = "<group>"; };
		327FE13D2820129C003CE609 /* SceneDelegate.swift */ = {isa = PBXFileReference; lastKnownFileType = sourcecode.swift; path = SceneDelegate.swift; sourceTree = "<group>"; };
		327FE1422820129C003CE609 /* Base */ = {isa = PBXFileReference; lastKnownFileType = file.storyboard; name = Base; path = Base.lproj/Main.storyboard; sourceTree = "<group>"; };
		327FE1442820129D003CE609 /* Assets.xcassets */ = {isa = PBXFileReference; lastKnownFileType = folder.assetcatalog; path = Assets.xcassets; sourceTree = "<group>"; };
		327FE1472820129D003CE609 /* Base */ = {isa = PBXFileReference; lastKnownFileType = file.storyboard; name = Base; path = Base.lproj/LaunchScreen.storyboard; sourceTree = "<group>"; };
		327FE1492820129D003CE609 /* Info.plist */ = {isa = PBXFileReference; lastKnownFileType = text.plist.xml; path = Info.plist; sourceTree = "<group>"; };
		32C2614F283277340068FF05 /* Shaders.metal */ = {isa = PBXFileReference; lastKnownFileType = sourcecode.metal; path = Shaders.metal; sourceTree = "<group>"; };
/* End PBXFileReference section */

/* Begin PBXFrameworksBuildPhase section */
		327FE1352820129C003CE609 /* Frameworks */ = {
			isa = PBXFrameworksBuildPhase;
			buildActionMask = 2147483647;
			files = (
				3210695E2823C3A40032EDF4 /* SnapKit in Frameworks */,
				3210696C282BD80C0032EDF4 /* Then in Frameworks */,
			);
			runOnlyForDeploymentPostprocessing = 0;
		};
/* End PBXFrameworksBuildPhase section */

/* Begin PBXGroup section */
		32106950282162E90032EDF4 /* Home */ = {
			isa = PBXGroup;
			children = (
				32106951282163010032EDF4 /* HomeViewModel.swift */,
				321069532821645A0032EDF4 /* HomeViewController.swift */,
				321069552821654C0032EDF4 /* HomeView.swift */,
				3210695A2823BE810032EDF4 /* ButtonTableViewCell.swift */,
				321069622823C7290032EDF4 /* HomeButtonTableView.swift */,
			);
			path = Home;
			sourceTree = "<group>";
		};
		321069572823B4BA0032EDF4 /* Common */ = {
			isa = PBXGroup;
			children = (
				321069582823B4C60032EDF4 /* ViewModelType.swift */,
			);
			path = Common;
			sourceTree = "<group>";
		};
		3210695F2823C4A70032EDF4 /* Extension */ = {
			isa = PBXGroup;
			children = (
				321069602823C4BB0032EDF4 /* UIColor+DesignSystem.swift */,
				32106964282A86940032EDF4 /* UIColor+.swift */,
			);
			path = Extension;
			sourceTree = "<group>";
		};
		3210696D282D32580032EDF4 /* CarMetal */ = {
			isa = PBXGroup;
			children = (
				3210696E282D32690032EDF4 /* CarView.swift */,
				32106970282D32770032EDF4 /* CarViewController.swift */,
				32106972282D32820032EDF4 /* CarViewModel.swift */,
				32106976282D3F7E0032EDF4 /* RendererHelper.swift */,
			);
			path = CarMetal;
			sourceTree = "<group>";
		};
		327FE12F2820129C003CE609 = {
			isa = PBXGroup;
			children = (
				327FE13A2820129C003CE609 /* SilverGun */,
				327FE1392820129C003CE609 /* Products */,
			);
			sourceTree = "<group>";
		};
		327FE1392820129C003CE609 /* Products */ = {
			isa = PBXGroup;
			children = (
				327FE1382820129C003CE609 /* SilverGun.app */,
			);
			name = Products;
			sourceTree = "<group>";
		};
		327FE13A2820129C003CE609 /* SilverGun */ = {
			isa = PBXGroup;
			children = (
				32C2614E2832771A0068FF05 /* Shader */,
				3210696D282D32580032EDF4 /* CarMetal */,
				3210695F2823C4A70032EDF4 /* Extension */,
				321069572823B4BA0032EDF4 /* Common */,
				32106950282162E90032EDF4 /* Home */,
				327FE13B2820129C003CE609 /* AppDelegate.swift */,
				327FE13D2820129C003CE609 /* SceneDelegate.swift */,
				327FE1412820129C003CE609 /* Main.storyboard */,
				327FE1442820129D003CE609 /* Assets.xcassets */,
				327FE1462820129D003CE609 /* LaunchScreen.storyboard */,
				327FE1492820129D003CE609 /* Info.plist */,
				32106968282BD7A80032EDF4 /* RootViewController.swift */,
			);
			path = SilverGun;
			sourceTree = "<group>";
		};
		32C2614E2832771A0068FF05 /* Shader */ = {
			isa = PBXGroup;
			children = (
				32C2614F283277340068FF05 /* Shaders.metal */,
				3208A842283D088900A68CDA /* FilterShader.metal */,
			);
			path = Shader;
			sourceTree = "<group>";
		};
/* End PBXGroup section */

/* Begin PBXNativeTarget section */
		327FE1372820129C003CE609 /* SilverGun */ = {
			isa = PBXNativeTarget;
			buildConfigurationList = 327FE14C2820129D003CE609 /* Build configuration list for PBXNativeTarget "SilverGun" */;
			buildPhases = (
				327FE1342820129C003CE609 /* Sources */,
				327FE1352820129C003CE609 /* Frameworks */,
				327FE1362820129C003CE609 /* Resources */,
			);
			buildRules = (
			);
			dependencies = (
			);
			name = SilverGun;
			packageProductDependencies = (
				3210695D2823C3A40032EDF4 /* SnapKit */,
				3210696B282BD80C0032EDF4 /* Then */,
			);
			productName = SilverGun;
			productReference = 327FE1382820129C003CE609 /* SilverGun.app */;
			productType = "com.apple.product-type.application";
		};
/* End PBXNativeTarget section */

/* Begin PBXProject section */
		327FE1302820129C003CE609 /* Project object */ = {
			isa = PBXProject;
			attributes = {
				BuildIndependentTargetsInParallel = 1;
				LastSwiftUpdateCheck = 1330;
				LastUpgradeCheck = 1330;
				TargetAttributes = {
					327FE1372820129C003CE609 = {
						CreatedOnToolsVersion = 13.3.1;
					};
				};
			};
			buildConfigurationList = 327FE1332820129C003CE609 /* Build configuration list for PBXProject "SilverGun" */;
			compatibilityVersion = "Xcode 13.0";
			developmentRegion = en;
			hasScannedForEncodings = 0;
			knownRegions = (
				en,
				Base,
			);
			mainGroup = 327FE12F2820129C003CE609;
			packageReferences = (
				3210695C2823C3A40032EDF4 /* XCRemoteSwiftPackageReference "SnapKit" */,
				3210696A282BD80C0032EDF4 /* XCRemoteSwiftPackageReference "Then" */,
			);
			productRefGroup = 327FE1392820129C003CE609 /* Products */;
			projectDirPath = "";
			projectRoot = "";
			targets = (
				327FE1372820129C003CE609 /* SilverGun */,
			);
		};
/* End PBXProject section */

/* Begin PBXResourcesBuildPhase section */
		327FE1362820129C003CE609 /* Resources */ = {
			isa = PBXResourcesBuildPhase;
			buildActionMask = 2147483647;
			files = (
				327FE1482820129D003CE609 /* LaunchScreen.storyboard in Resources */,
				327FE1452820129D003CE609 /* Assets.xcassets in Resources */,
				327FE1432820129C003CE609 /* Main.storyboard in Resources */,
			);
			runOnlyForDeploymentPostprocessing = 0;
		};
/* End PBXResourcesBuildPhase section */

/* Begin PBXSourcesBuildPhase section */
		327FE1342820129C003CE609 /* Sources */ = {
			isa = PBXSourcesBuildPhase;
			buildActionMask = 2147483647;
			files = (
				321069542821645A0032EDF4 /* HomeViewController.swift in Sources */,
				32106973282D32820032EDF4 /* CarViewModel.swift in Sources */,
				327FE13C2820129C003CE609 /* AppDelegate.swift in Sources */,
				3210695B2823BE810032EDF4 /* ButtonTableViewCell.swift in Sources */,
				32106969282BD7A80032EDF4 /* RootViewController.swift in Sources */,
				32106965282A86940032EDF4 /* UIColor+.swift in Sources */,
				3210696F282D32690032EDF4 /* CarView.swift in Sources */,
				321069612823C4BB0032EDF4 /* UIColor+DesignSystem.swift in Sources */,
				32C26150283277340068FF05 /* Shaders.metal in Sources */,
				32106977282D3F7E0032EDF4 /* RendererHelper.swift in Sources */,
				321069562821654C0032EDF4 /* HomeView.swift in Sources */,
				3208A843283D088900A68CDA /* FilterShader.metal in Sources */,
				327FE13E2820129C003CE609 /* SceneDelegate.swift in Sources */,
				32106952282163010032EDF4 /* HomeViewModel.swift in Sources */,
				321069632823C7290032EDF4 /* HomeButtonTableView.swift in Sources */,
				321069592823B4C60032EDF4 /* ViewModelType.swift in Sources */,
				32106971282D32770032EDF4 /* CarViewController.swift in Sources */,
			);
			runOnlyForDeploymentPostprocessing = 0;
		};
/* End PBXSourcesBuildPhase section */

/* Begin PBXVariantGroup section */
		327FE1412820129C003CE609 /* Main.storyboard */ = {
			isa = PBXVariantGroup;
			children = (
				327FE1422820129C003CE609 /* Base */,
			);
			name = Main.storyboard;
			sourceTree = "<group>";
		};
		327FE1462820129D003CE609 /* LaunchScreen.storyboard */ = {
			isa = PBXVariantGroup;
			children = (
				327FE1472820129D003CE609 /* Base */,
			);
			name = LaunchScreen.storyboard;
			sourceTree = "<group>";
		};
/* End PBXVariantGroup section */

/* Begin XCBuildConfiguration section */
		327FE14A2820129D003CE609 /* Debug */ = {
			isa = XCBuildConfiguration;
			buildSettings = {
				ALWAYS_SEARCH_USER_PATHS = NO;
				CLANG_ANALYZER_NONNULL = YES;
				CLANG_ANALYZER_NUMBER_OBJECT_CONVERSION = YES_AGGRESSIVE;
				CLANG_CXX_LANGUAGE_STANDARD = "gnu++17";
				CLANG_ENABLE_MODULES = YES;
				CLANG_ENABLE_OBJC_ARC = YES;
				CLANG_ENABLE_OBJC_WEAK = YES;
				CLANG_WARN_BLOCK_CAPTURE_AUTORELEASING = YES;
				CLANG_WARN_BOOL_CONVERSION = YES;
				CLANG_WARN_COMMA = YES;
				CLANG_WARN_CONSTANT_CONVERSION = YES;
				CLANG_WARN_DEPRECATED_OBJC_IMPLEMENTATIONS = YES;
				CLANG_WARN_DIRECT_OBJC_ISA_USAGE = YES_ERROR;
				CLANG_WARN_DOCUMENTATION_COMMENTS = YES;
				CLANG_WARN_EMPTY_BODY = YES;
				CLANG_WARN_ENUM_CONVERSION = YES;
				CLANG_WARN_INFINITE_RECURSION = YES;
				CLANG_WARN_INT_CONVERSION = YES;
				CLANG_WARN_NON_LITERAL_NULL_CONVERSION = YES;
				CLANG_WARN_OBJC_IMPLICIT_RETAIN_SELF = YES;
				CLANG_WARN_OBJC_LITERAL_CONVERSION = YES;
				CLANG_WARN_OBJC_ROOT_CLASS = YES_ERROR;
				CLANG_WARN_QUOTED_INCLUDE_IN_FRAMEWORK_HEADER = YES;
				CLANG_WARN_RANGE_LOOP_ANALYSIS = YES;
				CLANG_WARN_STRICT_PROTOTYPES = YES;
				CLANG_WARN_SUSPICIOUS_MOVE = YES;
				CLANG_WARN_UNGUARDED_AVAILABILITY = YES_AGGRESSIVE;
				CLANG_WARN_UNREACHABLE_CODE = YES;
				CLANG_WARN__DUPLICATE_METHOD_MATCH = YES;
				COPY_PHASE_STRIP = NO;
				DEBUG_INFORMATION_FORMAT = dwarf;
				ENABLE_STRICT_OBJC_MSGSEND = YES;
				ENABLE_TESTABILITY = YES;
				GCC_C_LANGUAGE_STANDARD = gnu11;
				GCC_DYNAMIC_NO_PIC = NO;
				GCC_NO_COMMON_BLOCKS = YES;
				GCC_OPTIMIZATION_LEVEL = 0;
				GCC_PREPROCESSOR_DEFINITIONS = (
					"DEBUG=1",
					"$(inherited)",
				);
				GCC_WARN_64_TO_32_BIT_CONVERSION = YES;
				GCC_WARN_ABOUT_RETURN_TYPE = YES_ERROR;
				GCC_WARN_UNDECLARED_SELECTOR = YES;
				GCC_WARN_UNINITIALIZED_AUTOS = YES_AGGRESSIVE;
				GCC_WARN_UNUSED_FUNCTION = YES;
				GCC_WARN_UNUSED_VARIABLE = YES;
				IPHONEOS_DEPLOYMENT_TARGET = 15.4;
				MTL_ENABLE_DEBUG_INFO = INCLUDE_SOURCE;
				MTL_FAST_MATH = YES;
				ONLY_ACTIVE_ARCH = YES;
				SDKROOT = iphoneos;
				SWIFT_ACTIVE_COMPILATION_CONDITIONS = DEBUG;
				SWIFT_OPTIMIZATION_LEVEL = "-Onone";
			};
			name = Debug;
		};
		327FE14B2820129D003CE609 /* Release */ = {
			isa = XCBuildConfiguration;
			buildSettings = {
				ALWAYS_SEARCH_USER_PATHS = NO;
				CLANG_ANALYZER_NONNULL = YES;
				CLANG_ANALYZER_NUMBER_OBJECT_CONVERSION = YES_AGGRESSIVE;
				CLANG_CXX_LANGUAGE_STANDARD = "gnu++17";
				CLANG_ENABLE_MODULES = YES;
				CLANG_ENABLE_OBJC_ARC = YES;
				CLANG_ENABLE_OBJC_WEAK = YES;
				CLANG_WARN_BLOCK_CAPTURE_AUTORELEASING = YES;
				CLANG_WARN_BOOL_CONVERSION = YES;
				CLANG_WARN_COMMA = YES;
				CLANG_WARN_CONSTANT_CONVERSION = YES;
				CLANG_WARN_DEPRECATED_OBJC_IMPLEMENTATIONS = YES;
				CLANG_WARN_DIRECT_OBJC_ISA_USAGE = YES_ERROR;
				CLANG_WARN_DOCUMENTATION_COMMENTS = YES;
				CLANG_WARN_EMPTY_BODY = YES;
				CLANG_WARN_ENUM_CONVERSION = YES;
				CLANG_WARN_INFINITE_RECURSION = YES;
				CLANG_WARN_INT_CONVERSION = YES;
				CLANG_WARN_NON_LITERAL_NULL_CONVERSION = YES;
				CLANG_WARN_OBJC_IMPLICIT_RETAIN_SELF = YES;
				CLANG_WARN_OBJC_LITERAL_CONVERSION = YES;
				CLANG_WARN_OBJC_ROOT_CLASS = YES_ERROR;
				CLANG_WARN_QUOTED_INCLUDE_IN_FRAMEWORK_HEADER = YES;
				CLANG_WARN_RANGE_LOOP_ANALYSIS = YES;
				CLANG_WARN_STRICT_PROTOTYPES = YES;
				CLANG_WARN_SUSPICIOUS_MOVE = YES;
				CLANG_WARN_UNGUARDED_AVAILABILITY = YES_AGGRESSIVE;
				CLANG_WARN_UNREACHABLE_CODE = YES;
				CLANG_WARN__DUPLICATE_METHOD_MATCH = YES;
				COPY_PHASE_STRIP = NO;
				DEBUG_INFORMATION_FORMAT = "dwarf-with-dsym";
				ENABLE_NS_ASSERTIONS = NO;
				ENABLE_STRICT_OBJC_MSGSEND = YES;
				GCC_C_LANGUAGE_STANDARD = gnu11;
				GCC_NO_COMMON_BLOCKS = YES;
				GCC_WARN_64_TO_32_BIT_CONVERSION = YES;
				GCC_WARN_ABOUT_RETURN_TYPE = YES_ERROR;
				GCC_WARN_UNDECLARED_SELECTOR = YES;
				GCC_WARN_UNINITIALIZED_AUTOS = YES_AGGRESSIVE;
				GCC_WARN_UNUSED_FUNCTION = YES;
				GCC_WARN_UNUSED_VARIABLE = YES;
				IPHONEOS_DEPLOYMENT_TARGET = 15.4;
				MTL_ENABLE_DEBUG_INFO = NO;
				MTL_FAST_MATH = YES;
				SDKROOT = iphoneos;
				SWIFT_COMPILATION_MODE = wholemodule;
				SWIFT_OPTIMIZATION_LEVEL = "-O";
				VALIDATE_PRODUCT = YES;
			};
			name = Release;
		};
		327FE14D2820129D003CE609 /* Debug */ = {
			isa = XCBuildConfiguration;
			buildSettings = {
				ASSETCATALOG_COMPILER_APPICON_NAME = AppIcon;
				ASSETCATALOG_COMPILER_GLOBAL_ACCENT_COLOR_NAME = AccentColor;
				CODE_SIGN_STYLE = Automatic;
				CURRENT_PROJECT_VERSION = 1;
				DEVELOPMENT_TEAM = PZBDGNTXT5;
				GENERATE_INFOPLIST_FILE = YES;
				INFOPLIST_FILE = SilverGun/Info.plist;
				INFOPLIST_KEY_UIApplicationSupportsIndirectInputEvents = YES;
				INFOPLIST_KEY_UILaunchStoryboardName = LaunchScreen;
				INFOPLIST_KEY_UIMainStoryboardFile = Main;
				INFOPLIST_KEY_UISupportedInterfaceOrientations_iPad = "UIInterfaceOrientationPortrait UIInterfaceOrientationPortraitUpsideDown UIInterfaceOrientationLandscapeLeft UIInterfaceOrientationLandscapeRight";
				INFOPLIST_KEY_UISupportedInterfaceOrientations_iPhone = "UIInterfaceOrientationPortrait UIInterfaceOrientationLandscapeLeft UIInterfaceOrientationLandscapeRight";
				LD_RUNPATH_SEARCH_PATHS = (
					"$(inherited)",
					"@executable_path/Frameworks",
				);
				MARKETING_VERSION = 1.0;
				PRODUCT_BUNDLE_IDENTIFIER = com.silvergun.SilverGun;
				PRODUCT_NAME = "$(TARGET_NAME)";
				SWIFT_EMIT_LOC_STRINGS = YES;
				SWIFT_VERSION = 5.0;
				TARGETED_DEVICE_FAMILY = 1;
			};
			name = Debug;
		};
		327FE14E2820129D003CE609 /* Release */ = {
			isa = XCBuildConfiguration;
			buildSettings = {
				ASSETCATALOG_COMPILER_APPICON_NAME = AppIcon;
				ASSETCATALOG_COMPILER_GLOBAL_ACCENT_COLOR_NAME = AccentColor;
				CODE_SIGN_STYLE = Automatic;
				CURRENT_PROJECT_VERSION = 1;
				DEVELOPMENT_TEAM = PZBDGNTXT5;
				GENERATE_INFOPLIST_FILE = YES;
				INFOPLIST_FILE = SilverGun/Info.plist;
				INFOPLIST_KEY_UIApplicationSupportsIndirectInputEvents = YES;
				INFOPLIST_KEY_UILaunchStoryboardName = LaunchScreen;
				INFOPLIST_KEY_UIMainStoryboardFile = Main;
				INFOPLIST_KEY_UISupportedInterfaceOrientations_iPad = "UIInterfaceOrientationPortrait UIInterfaceOrientationPortraitUpsideDown UIInterfaceOrientationLandscapeLeft UIInterfaceOrientationLandscapeRight";
				INFOPLIST_KEY_UISupportedInterfaceOrientations_iPhone = "UIInterfaceOrientationPortrait UIInterfaceOrientationLandscapeLeft UIInterfaceOrientationLandscapeRight";
				LD_RUNPATH_SEARCH_PATHS = (
					"$(inherited)",
					"@executable_path/Frameworks",
				);
				MARKETING_VERSION = 1.0;
				PRODUCT_BUNDLE_IDENTIFIER = com.silvergun.SilverGun;
				PRODUCT_NAME = "$(TARGET_NAME)";
				SWIFT_EMIT_LOC_STRINGS = YES;
				SWIFT_VERSION = 5.0;
				TARGETED_DEVICE_FAMILY = 1;
			};
			name = Release;
		};
/* End XCBuildConfiguration section */

/* Begin XCConfigurationList section */
		327FE1332820129C003CE609 /* Build configuration list for PBXProject "SilverGun" */ = {
			isa = XCConfigurationList;
			buildConfigurations = (
				327FE14A2820129D003CE609 /* Debug */,
				327FE14B2820129D003CE609 /* Release */,
			);
			defaultConfigurationIsVisible = 0;
			defaultConfigurationName = Release;
		};
		327FE14C2820129D003CE609 /* Build configuration list for PBXNativeTarget "SilverGun" */ = {
			isa = XCConfigurationList;
			buildConfigurations = (
				327FE14D2820129D003CE609 /* Debug */,
				327FE14E2820129D003CE609 /* Release */,
			);
			defaultConfigurationIsVisible = 0;
			defaultConfigurationName = Release;
		};
/* End XCConfigurationList section */

/* Begin XCRemoteSwiftPackageReference section */
		3210695C2823C3A40032EDF4 /* XCRemoteSwiftPackageReference "SnapKit" */ = {
			isa = XCRemoteSwiftPackageReference;
			repositoryURL = "https://github.com/SnapKit/SnapKit.git";
			requirement = {
				kind = upToNextMajorVersion;
				minimumVersion = 5.0.1;
			};
		};
		3210696A282BD80C0032EDF4 /* XCRemoteSwiftPackageReference "Then" */ = {
			isa = XCRemoteSwiftPackageReference;
			repositoryURL = "https://github.com/devxoul/Then";
			requirement = {
				kind = upToNextMajorVersion;
				minimumVersion = 3.0.0;
			};
		};
/* End XCRemoteSwiftPackageReference section */

/* Begin XCSwiftPackageProductDependency section */
		3210695D2823C3A40032EDF4 /* SnapKit */ = {
			isa = XCSwiftPackageProductDependency;
			package = 3210695C2823C3A40032EDF4 /* XCRemoteSwiftPackageReference "SnapKit" */;
			productName = SnapKit;
		};
		3210696B282BD80C0032EDF4 /* Then */ = {
			isa = XCSwiftPackageProductDependency;
			package = 3210696A282BD80C0032EDF4 /* XCRemoteSwiftPackageReference "Then" */;
			productName = Then;
		};
/* End XCSwiftPackageProductDependency section */
	};
	rootObject = 327FE1302820129C003CE609 /* Project object */;
}
